
Microsoft Visual Studio Solution File, Format Version 12.00
# Visual Studio Version 16
VisualStudioVersion = 16.0.29709.97
MinimumVisualStudioVersion = 10.0.40219.1
Project("{2150E333-8FDC-42A3-9474-1A3956D46DE8}") = "Tests", "Tests", "{CB8C2DB8-804A-467F-B03A-68D2D968D237}"
EndProject
Project("{9A19103F-16F7-4668-BE54-9A1E7A4F7556}") = "VideoWeb.UnitTests", "VideoWeb.UnitTests\VideoWeb.UnitTests.csproj", "{76118055-2379-410A-9D44-469175758F5D}"
EndProject
Project("{9A19103F-16F7-4668-BE54-9A1E7A4F7556}") = "VideoWeb.IntegrationTests", "VideoWeb.IntegrationTests\VideoWeb.IntegrationTests.csproj", "{0D96D662-B3D8-48FE-A57F-674CA986A733}"
EndProject
Project("{9A19103F-16F7-4668-BE54-9A1E7A4F7556}") = "VideoWeb", "VideoWeb\VideoWeb.csproj", "{7949F512-2EBC-4DE9-A987-940439D93545}"
EndProject
Project("{9A19103F-16F7-4668-BE54-9A1E7A4F7556}") = "VideoWeb.Common", "VideoWeb.Common\VideoWeb.Common.csproj", "{8DB35AEF-80FC-4A54-B253-D5A2236A0AF6}"
EndProject
Project("{9A19103F-16F7-4668-BE54-9A1E7A4F7556}") = "VideoWeb.Contract", "VideoWeb.Contract\VideoWeb.Contract.csproj", "{8DA8CEBB-148B-4459-B1FA-92F25087E2FD}"
EndProject
Project("{9A19103F-16F7-4668-BE54-9A1E7A4F7556}") = "VideoWeb.Services", "VideoWeb.Services\VideoWeb.Services.csproj", "{DBB7B327-D121-42EC-B512-F657EDA96256}"
EndProject
Project("{9A19103F-16F7-4668-BE54-9A1E7A4F7556}") = "VideoWeb.Services.Generator", "VideoWeb.Services.Generator\VideoWeb.Services.Generator.csproj", "{4437442A-6318-4092-AC52-81C7FA6E60DA}"
EndProject
Project("{9A19103F-16F7-4668-BE54-9A1E7A4F7556}") = "VideoWeb.AcceptanceTests", "VideoWeb.AcceptanceTests\VideoWeb.AcceptanceTests.csproj", "{E901FAB5-4429-4A0B-BEF0-058610D0EDB6}"
EndProject
Project("{9A19103F-16F7-4668-BE54-9A1E7A4F7556}") = "VideoWeb.EventHub", "VideoWeb.EventHub\VideoWeb.EventHub.csproj", "{7D287149-3E23-429A-88C1-AC27C5F08B69}"
EndProject
Project("{FAE04EC0-301F-11D3-BF4B-00C04F79EFBC}") = "VideoWeb.ChatHub", "VideoWeb.ChatHub\VideoWeb.ChatHub.csproj", "{9E9AD0BD-290D-4931-A73F-B61256FB550D}"
EndProject
Global
	GlobalSection(SolutionConfigurationPlatforms) = preSolution
		Debug|Any CPU = Debug|Any CPU
		Release|Any CPU = Release|Any CPU
	EndGlobalSection
	GlobalSection(ProjectConfigurationPlatforms) = postSolution
		{76118055-2379-410A-9D44-469175758F5D}.Debug|Any CPU.ActiveCfg = Debug|Any CPU
		{76118055-2379-410A-9D44-469175758F5D}.Debug|Any CPU.Build.0 = Debug|Any CPU
		{76118055-2379-410A-9D44-469175758F5D}.Release|Any CPU.ActiveCfg = Release|Any CPU
		{76118055-2379-410A-9D44-469175758F5D}.Release|Any CPU.Build.0 = Release|Any CPU
		{0D96D662-B3D8-48FE-A57F-674CA986A733}.Debug|Any CPU.ActiveCfg = Debug|Any CPU
		{0D96D662-B3D8-48FE-A57F-674CA986A733}.Debug|Any CPU.Build.0 = Debug|Any CPU
		{0D96D662-B3D8-48FE-A57F-674CA986A733}.Release|Any CPU.ActiveCfg = Release|Any CPU
		{0D96D662-B3D8-48FE-A57F-674CA986A733}.Release|Any CPU.Build.0 = Release|Any CPU
		{7949F512-2EBC-4DE9-A987-940439D93545}.Debug|Any CPU.ActiveCfg = Debug|Any CPU
		{7949F512-2EBC-4DE9-A987-940439D93545}.Debug|Any CPU.Build.0 = Debug|Any CPU
		{7949F512-2EBC-4DE9-A987-940439D93545}.Release|Any CPU.ActiveCfg = Release|Any CPU
		{7949F512-2EBC-4DE9-A987-940439D93545}.Release|Any CPU.Build.0 = Release|Any CPU
		{8DB35AEF-80FC-4A54-B253-D5A2236A0AF6}.Debug|Any CPU.ActiveCfg = Debug|Any CPU
		{8DB35AEF-80FC-4A54-B253-D5A2236A0AF6}.Debug|Any CPU.Build.0 = Debug|Any CPU
		{8DB35AEF-80FC-4A54-B253-D5A2236A0AF6}.Release|Any CPU.ActiveCfg = Release|Any CPU
		{8DB35AEF-80FC-4A54-B253-D5A2236A0AF6}.Release|Any CPU.Build.0 = Release|Any CPU
		{8DA8CEBB-148B-4459-B1FA-92F25087E2FD}.Debug|Any CPU.ActiveCfg = Debug|Any CPU
		{8DA8CEBB-148B-4459-B1FA-92F25087E2FD}.Debug|Any CPU.Build.0 = Debug|Any CPU
		{8DA8CEBB-148B-4459-B1FA-92F25087E2FD}.Release|Any CPU.ActiveCfg = Release|Any CPU
		{8DA8CEBB-148B-4459-B1FA-92F25087E2FD}.Release|Any CPU.Build.0 = Release|Any CPU
		{DBB7B327-D121-42EC-B512-F657EDA96256}.Debug|Any CPU.ActiveCfg = Debug|Any CPU
		{DBB7B327-D121-42EC-B512-F657EDA96256}.Debug|Any CPU.Build.0 = Debug|Any CPU
		{DBB7B327-D121-42EC-B512-F657EDA96256}.Release|Any CPU.ActiveCfg = Release|Any CPU
		{DBB7B327-D121-42EC-B512-F657EDA96256}.Release|Any CPU.Build.0 = Release|Any CPU
		{4437442A-6318-4092-AC52-81C7FA6E60DA}.Debug|Any CPU.ActiveCfg = Debug|Any CPU
		{4437442A-6318-4092-AC52-81C7FA6E60DA}.Debug|Any CPU.Build.0 = Debug|Any CPU
		{4437442A-6318-4092-AC52-81C7FA6E60DA}.Release|Any CPU.ActiveCfg = Release|Any CPU
		{4437442A-6318-4092-AC52-81C7FA6E60DA}.Release|Any CPU.Build.0 = Release|Any CPU
		{E901FAB5-4429-4A0B-BEF0-058610D0EDB6}.Debug|Any CPU.ActiveCfg = Debug|Any CPU
		{E901FAB5-4429-4A0B-BEF0-058610D0EDB6}.Debug|Any CPU.Build.0 = Debug|Any CPU
		{E901FAB5-4429-4A0B-BEF0-058610D0EDB6}.Release|Any CPU.ActiveCfg = Release|Any CPU
		{E901FAB5-4429-4A0B-BEF0-058610D0EDB6}.Release|Any CPU.Build.0 = Release|Any CPU
		{7D287149-3E23-429A-88C1-AC27C5F08B69}.Debug|Any CPU.ActiveCfg = Debug|Any CPU
		{7D287149-3E23-429A-88C1-AC27C5F08B69}.Debug|Any CPU.Build.0 = Debug|Any CPU
		{7D287149-3E23-429A-88C1-AC27C5F08B69}.Release|Any CPU.ActiveCfg = Release|Any CPU
		{7D287149-3E23-429A-88C1-AC27C5F08B69}.Release|Any CPU.Build.0 = Release|Any CPU
		{9E9AD0BD-290D-4931-A73F-B61256FB550D}.Debug|Any CPU.ActiveCfg = Debug|Any CPU
		{9E9AD0BD-290D-4931-A73F-B61256FB550D}.Debug|Any CPU.Build.0 = Debug|Any CPU
		{9E9AD0BD-290D-4931-A73F-B61256FB550D}.Release|Any CPU.ActiveCfg = Release|Any CPU
		{9E9AD0BD-290D-4931-A73F-B61256FB550D}.Release|Any CPU.Build.0 = Release|Any CPU
	EndGlobalSection
	GlobalSection(SolutionProperties) = preSolution
		HideSolutionNode = FALSE
	EndGlobalSection
	GlobalSection(NestedProjects) = preSolution
		{76118055-2379-410A-9D44-469175758F5D} = {CB8C2DB8-804A-467F-B03A-68D2D968D237}
		{0D96D662-B3D8-48FE-A57F-674CA986A733} = {CB8C2DB8-804A-467F-B03A-68D2D968D237}
		{E901FAB5-4429-4A0B-BEF0-058610D0EDB6} = {CB8C2DB8-804A-467F-B03A-68D2D968D237}
	EndGlobalSection
	GlobalSection(ExtensibilityGlobals) = postSolution
		SolutionGuid = {3916906E-406E-4BD6-97D7-5675E620CFEC}
	EndGlobalSection
EndGlobal
