
Microsoft Visual Studio Solution File, Format Version 12.00
#
Project("{2150E333-8FDC-42A3-9474-1A3956D46DE8}") = "Tests", "Tests", "{CB8C2DB8-804A-467F-B03A-68D2D968D237}"
EndProject
Project("{FAE04EC0-301F-11D3-BF4B-00C04F79EFBC}") = "VideoWeb.UnitTests", "VideoWeb.UnitTests\VideoWeb.UnitTests.csproj", "{76118055-2379-410A-9D44-469175758F5D}"
EndProject
Project("{FAE04EC0-301F-11D3-BF4B-00C04F79EFBC}") = "VideoWeb.IntegrationTests", "VideoWeb.IntegrationTests\VideoWeb.IntegrationTests.csproj", "{0D96D662-B3D8-48FE-A57F-674CA986A733}"
EndProject
Project("{FAE04EC0-301F-11D3-BF4B-00C04F79EFBC}") = "Testing.Common", "Testing.Common\Testing.Common.csproj", "{5224656F-D232-409E-BE10-BF20AC4A738A}"
EndProject
Project("{FAE04EC0-301F-11D3-BF4B-00C04F79EFBC}") = "VideoWeb", "VideoWeb\VideoWeb.csproj", "{7949F512-2EBC-4DE9-A987-940439D93545}"
EndProject
Project("{FAE04EC0-301F-11D3-BF4B-00C04F79EFBC}") = "VideoWeb.Common", "VideoWeb.Common\VideoWeb.Common.csproj", "{8DB35AEF-80FC-4A54-B253-D5A2236A0AF6}"
EndProject
Project("{FAE04EC0-301F-11D3-BF4B-00C04F79EFBC}") = "VideoWeb.Contract", "VideoWeb.Contract\VideoWeb.Contract.csproj", "{8DA8CEBB-148B-4459-B1FA-92F25087E2FD}"
EndProject
Global
	GlobalSection(SolutionConfigurationPlatforms) = preSolution
		Debug|Any CPU = Debug|Any CPU
		Release|Any CPU = Release|Any CPU
	EndGlobalSection
	GlobalSection(ProjectConfigurationPlatforms) = postSolution
		{76118055-2379-410A-9D44-469175758F5D}.Debug|Any CPU.ActiveCfg = Debug|Any CPU
		{76118055-2379-410A-9D44-469175758F5D}.Debug|Any CPU.Build.0 = Debug|Any CPU
		{76118055-2379-410A-9D44-469175758F5D}.Release|Any CPU.ActiveCfg = Release|Any CPU
		{76118055-2379-410A-9D44-469175758F5D}.Release|Any CPU.Build.0 = Release|Any CPU
		{0D96D662-B3D8-48FE-A57F-674CA986A733}.Debug|Any CPU.ActiveCfg = Debug|Any CPU
		{0D96D662-B3D8-48FE-A57F-674CA986A733}.Debug|Any CPU.Build.0 = Debug|Any CPU
		{0D96D662-B3D8-48FE-A57F-674CA986A733}.Release|Any CPU.ActiveCfg = Release|Any CPU
		{0D96D662-B3D8-48FE-A57F-674CA986A733}.Release|Any CPU.Build.0 = Release|Any CPU
		{5224656F-D232-409E-BE10-BF20AC4A738A}.Debug|Any CPU.ActiveCfg = Debug|Any CPU
		{5224656F-D232-409E-BE10-BF20AC4A738A}.Debug|Any CPU.Build.0 = Debug|Any CPU
		{5224656F-D232-409E-BE10-BF20AC4A738A}.Release|Any CPU.ActiveCfg = Release|Any CPU
		{5224656F-D232-409E-BE10-BF20AC4A738A}.Release|Any CPU.Build.0 = Release|Any CPU
		{7949F512-2EBC-4DE9-A987-940439D93545}.Debug|Any CPU.ActiveCfg = Debug|Any CPU
		{7949F512-2EBC-4DE9-A987-940439D93545}.Debug|Any CPU.Build.0 = Debug|Any CPU
		{7949F512-2EBC-4DE9-A987-940439D93545}.Release|Any CPU.ActiveCfg = Release|Any CPU
		{7949F512-2EBC-4DE9-A987-940439D93545}.Release|Any CPU.Build.0 = Release|Any CPU
		{8DB35AEF-80FC-4A54-B253-D5A2236A0AF6}.Debug|Any CPU.ActiveCfg = Debug|Any CPU
		{8DB35AEF-80FC-4A54-B253-D5A2236A0AF6}.Debug|Any CPU.Build.0 = Debug|Any CPU
		{8DB35AEF-80FC-4A54-B253-D5A2236A0AF6}.Release|Any CPU.ActiveCfg = Release|Any CPU
		{8DB35AEF-80FC-4A54-B253-D5A2236A0AF6}.Release|Any CPU.Build.0 = Release|Any CPU
		{8DA8CEBB-148B-4459-B1FA-92F25087E2FD}.Debug|Any CPU.ActiveCfg = Debug|Any CPU
		{8DA8CEBB-148B-4459-B1FA-92F25087E2FD}.Debug|Any CPU.Build.0 = Debug|Any CPU
		{8DA8CEBB-148B-4459-B1FA-92F25087E2FD}.Release|Any CPU.ActiveCfg = Release|Any CPU
		{8DA8CEBB-148B-4459-B1FA-92F25087E2FD}.Release|Any CPU.Build.0 = Release|Any CPU
	EndGlobalSection
	GlobalSection(NestedProjects) = preSolution
		{76118055-2379-410A-9D44-469175758F5D} = {CB8C2DB8-804A-467F-B03A-68D2D968D237}
		{0D96D662-B3D8-48FE-A57F-674CA986A733} = {CB8C2DB8-804A-467F-B03A-68D2D968D237}
		{5224656F-D232-409E-BE10-BF20AC4A738A} = {CB8C2DB8-804A-467F-B03A-68D2D968D237}
	EndGlobalSection
EndGlobal
